
Microsoft Visual Studio Solution File, Format Version 10.00
# Visual Studio 2008
Project("{FAE04EC0-301F-11D3-BF4B-00C04F79EFBC}") = "Console", "Console\Console.csproj", "{6DD81D1E-48FB-448A-BFF9-AADADD74FA0C}"
EndProject
Project("{2150E333-8FDC-42A3-9474-1A3956D46DE8}") = "Solution Items", "Solution Items", "{8683B289-01C8-4E8B-A8A1-6CA45AC644A7}"
	ProjectSection(SolutionItems) = preProject
		..\..\docPrep.build = ..\..\docPrep.build
	EndProjectSection
EndProject
Global
	GlobalSection(SolutionConfigurationPlatforms) = preSolution
		Debug|Any CPU = Debug|Any CPU
		Release|Any CPU = Release|Any CPU
	EndGlobalSection
	GlobalSection(ProjectConfigurationPlatforms) = postSolution
		{6DD81D1E-48FB-448A-BFF9-AADADD74FA0C}.Debug|Any CPU.ActiveCfg = Debug|Any CPU
		{6DD81D1E-48FB-448A-BFF9-AADADD74FA0C}.Debug|Any CPU.Build.0 = Debug|Any CPU
		{6DD81D1E-48FB-448A-BFF9-AADADD74FA0C}.Release|Any CPU.ActiveCfg = Release|Any CPU
		{6DD81D1E-48FB-448A-BFF9-AADADD74FA0C}.Release|Any CPU.Build.0 = Release|Any CPU
	EndGlobalSection
	GlobalSection(SolutionProperties) = preSolution
		HideSolutionNode = FALSE
	EndGlobalSection
EndGlobal
