Microsoft Visual Studio Solution File, Format Version 8.00
Project("{FAE04EC0-301F-11D3-BF4B-00C04F79EFBC}") = "WebDashboard", "WebDashboard\WebDashboard.csproj", "{482EF049-EC0C-4819-B568-75B5F74BDD5B}"
	ProjectSection(ProjectDependencies) = postProject
	EndProjectSection
EndProject
Project("{FAE04EC0-301F-11D3-BF4B-00C04F79EFBC}") = "Remote", "Remote\Remote.csproj", "{E820CF3B-8C5A-4002-BC16-B7818D3D54A8}"
	ProjectSection(ProjectDependencies) = postProject
	EndProjectSection
EndProject
Project("{FAE04EC0-301F-11D3-BF4B-00C04F79EFBC}") = "CCTray", "CCTray\CCTray.csproj", "{D9040862-D7E0-4232-BBD0-CF088706E009}"
	ProjectSection(ProjectDependencies) = postProject
	EndProjectSection
EndProject
Project("{FAE04EC0-301F-11D3-BF4B-00C04F79EFBC}") = "UnitTests", "UnitTests\UnitTests.csproj", "{3F93AC24-DF56-469E-91C3-43A2A179C7E1}"
	ProjectSection(ProjectDependencies) = postProject
	EndProjectSection
EndProject
Project("{FAE04EC0-301F-11D3-BF4B-00C04F79EFBC}") = "CCTrayLib", "CCTrayLib\CCTrayLib.csproj", "{C8043AD9-0F30-4366-A263-E2FC0D6A57A9}"
	ProjectSection(ProjectDependencies) = postProject
	EndProjectSection
EndProject
Project("{FAE04EC0-301F-11D3-BF4B-00C04F79EFBC}") = "console", "console\console.csproj", "{E14EE67D-C24E-4088-B01B-35B742E99E85}"
	ProjectSection(ProjectDependencies) = postProject
	EndProjectSection
EndProject
Project("{FAE04EC0-301F-11D3-BF4B-00C04F79EFBC}") = "core", "core\core.csproj", "{F8113DB9-6C47-4FD1-8A01-655FCF151747}"
	ProjectSection(ProjectDependencies) = postProject
	EndProjectSection
EndProject
Project("{FAE04EC0-301F-11D3-BF4B-00C04F79EFBC}") = "service", "service\service.csproj", "{4DE3AEAD-FAFB-4D15-A0D7-3A9AAECF08E1}"
	ProjectSection(ProjectDependencies) = postProject
	EndProjectSection
EndProject
Project("{FAE04EC0-301F-11D3-BF4B-00C04F79EFBC}") = "objection", "objection\objection.csproj", "{1C0B8046-FE79-4845-84B9-369A76F817A3}"
	ProjectSection(ProjectDependencies) = postProject
	EndProjectSection
EndProject
Global
	GlobalSection(SolutionConfiguration) = preSolution
		AutomatedDebug = AutomatedDebug
		Build = Build
		Debug = Debug
		Release = Release
	EndGlobalSection
	GlobalSection(ProjectConfiguration) = postSolution
		{482EF049-EC0C-4819-B568-75B5F74BDD5B}.AutomatedDebug.ActiveCfg = Debug|.NET
		{482EF049-EC0C-4819-B568-75B5F74BDD5B}.AutomatedDebug.Build.0 = Debug|.NET
		{482EF049-EC0C-4819-B568-75B5F74BDD5B}.Build.ActiveCfg = Build|.NET
		{482EF049-EC0C-4819-B568-75B5F74BDD5B}.Build.Build.0 = Build|.NET
		{482EF049-EC0C-4819-B568-75B5F74BDD5B}.Debug.ActiveCfg = Debug|.NET
		{482EF049-EC0C-4819-B568-75B5F74BDD5B}.Debug.Build.0 = Debug|.NET
		{482EF049-EC0C-4819-B568-75B5F74BDD5B}.Release.ActiveCfg = Release|.NET
		{482EF049-EC0C-4819-B568-75B5F74BDD5B}.Release.Build.0 = Release|.NET
		{E820CF3B-8C5A-4002-BC16-B7818D3D54A8}.AutomatedDebug.ActiveCfg = Debug|.NET
		{E820CF3B-8C5A-4002-BC16-B7818D3D54A8}.AutomatedDebug.Build.0 = Debug|.NET
		{E820CF3B-8C5A-4002-BC16-B7818D3D54A8}.Build.ActiveCfg = Build|.NET
		{E820CF3B-8C5A-4002-BC16-B7818D3D54A8}.Build.Build.0 = Build|.NET
		{E820CF3B-8C5A-4002-BC16-B7818D3D54A8}.Debug.ActiveCfg = Debug|.NET
		{E820CF3B-8C5A-4002-BC16-B7818D3D54A8}.Debug.Build.0 = Debug|.NET
		{E820CF3B-8C5A-4002-BC16-B7818D3D54A8}.Release.ActiveCfg = Release|.NET
		{E820CF3B-8C5A-4002-BC16-B7818D3D54A8}.Release.Build.0 = Release|.NET
		{D9040862-D7E0-4232-BBD0-CF088706E009}.AutomatedDebug.ActiveCfg = Debug|.NET
		{D9040862-D7E0-4232-BBD0-CF088706E009}.AutomatedDebug.Build.0 = Debug|.NET
		{D9040862-D7E0-4232-BBD0-CF088706E009}.Build.ActiveCfg = Build|.NET
		{D9040862-D7E0-4232-BBD0-CF088706E009}.Build.Build.0 = Build|.NET
		{D9040862-D7E0-4232-BBD0-CF088706E009}.Debug.ActiveCfg = Debug|.NET
		{D9040862-D7E0-4232-BBD0-CF088706E009}.Debug.Build.0 = Debug|.NET
		{D9040862-D7E0-4232-BBD0-CF088706E009}.Release.ActiveCfg = Release|.NET
		{D9040862-D7E0-4232-BBD0-CF088706E009}.Release.Build.0 = Release|.NET
		{3F93AC24-DF56-469E-91C3-43A2A179C7E1}.AutomatedDebug.ActiveCfg = Debug|.NET
		{3F93AC24-DF56-469E-91C3-43A2A179C7E1}.AutomatedDebug.Build.0 = Debug|.NET
		{3F93AC24-DF56-469E-91C3-43A2A179C7E1}.Build.ActiveCfg = Build|.NET
		{3F93AC24-DF56-469E-91C3-43A2A179C7E1}.Build.Build.0 = Build|.NET
		{3F93AC24-DF56-469E-91C3-43A2A179C7E1}.Debug.ActiveCfg = Debug|.NET
		{3F93AC24-DF56-469E-91C3-43A2A179C7E1}.Debug.Build.0 = Debug|.NET
		{3F93AC24-DF56-469E-91C3-43A2A179C7E1}.Release.ActiveCfg = Release|.NET
		{3F93AC24-DF56-469E-91C3-43A2A179C7E1}.Release.Build.0 = Release|.NET
		{C8043AD9-0F30-4366-A263-E2FC0D6A57A9}.AutomatedDebug.ActiveCfg = Debug|.NET
		{C8043AD9-0F30-4366-A263-E2FC0D6A57A9}.AutomatedDebug.Build.0 = Debug|.NET
		{C8043AD9-0F30-4366-A263-E2FC0D6A57A9}.Build.ActiveCfg = Build|.NET
		{C8043AD9-0F30-4366-A263-E2FC0D6A57A9}.Build.Build.0 = Build|.NET
		{C8043AD9-0F30-4366-A263-E2FC0D6A57A9}.Debug.ActiveCfg = Debug|.NET
		{C8043AD9-0F30-4366-A263-E2FC0D6A57A9}.Debug.Build.0 = Debug|.NET
		{C8043AD9-0F30-4366-A263-E2FC0D6A57A9}.Release.ActiveCfg = Release|.NET
		{C8043AD9-0F30-4366-A263-E2FC0D6A57A9}.Release.Build.0 = Release|.NET
		{E14EE67D-C24E-4088-B01B-35B742E99E85}.AutomatedDebug.ActiveCfg = Debug|.NET
		{E14EE67D-C24E-4088-B01B-35B742E99E85}.AutomatedDebug.Build.0 = Debug|.NET
		{E14EE67D-C24E-4088-B01B-35B742E99E85}.Build.ActiveCfg = Build|.NET
		{E14EE67D-C24E-4088-B01B-35B742E99E85}.Build.Build.0 = Build|.NET
		{E14EE67D-C24E-4088-B01B-35B742E99E85}.Debug.ActiveCfg = Debug|.NET
		{E14EE67D-C24E-4088-B01B-35B742E99E85}.Debug.Build.0 = Debug|.NET
		{E14EE67D-C24E-4088-B01B-35B742E99E85}.Release.ActiveCfg = Release|.NET
		{E14EE67D-C24E-4088-B01B-35B742E99E85}.Release.Build.0 = Release|.NET
		{F8113DB9-6C47-4FD1-8A01-655FCF151747}.AutomatedDebug.ActiveCfg = Debug|.NET
		{F8113DB9-6C47-4FD1-8A01-655FCF151747}.AutomatedDebug.Build.0 = Debug|.NET
		{F8113DB9-6C47-4FD1-8A01-655FCF151747}.Build.ActiveCfg = Build|.NET
		{F8113DB9-6C47-4FD1-8A01-655FCF151747}.Build.Build.0 = Build|.NET
		{F8113DB9-6C47-4FD1-8A01-655FCF151747}.Debug.ActiveCfg = Debug|.NET
		{F8113DB9-6C47-4FD1-8A01-655FCF151747}.Debug.Build.0 = Debug|.NET
		{F8113DB9-6C47-4FD1-8A01-655FCF151747}.Release.ActiveCfg = Release|.NET
		{F8113DB9-6C47-4FD1-8A01-655FCF151747}.Release.Build.0 = Release|.NET
		{4DE3AEAD-FAFB-4D15-A0D7-3A9AAECF08E1}.AutomatedDebug.ActiveCfg = Debug|.NET
		{4DE3AEAD-FAFB-4D15-A0D7-3A9AAECF08E1}.AutomatedDebug.Build.0 = Debug|.NET
		{4DE3AEAD-FAFB-4D15-A0D7-3A9AAECF08E1}.Build.ActiveCfg = Build|.NET
		{4DE3AEAD-FAFB-4D15-A0D7-3A9AAECF08E1}.Build.Build.0 = Build|.NET
		{4DE3AEAD-FAFB-4D15-A0D7-3A9AAECF08E1}.Debug.ActiveCfg = Debug|.NET
		{4DE3AEAD-FAFB-4D15-A0D7-3A9AAECF08E1}.Debug.Build.0 = Debug|.NET
		{4DE3AEAD-FAFB-4D15-A0D7-3A9AAECF08E1}.Release.ActiveCfg = Release|.NET
		{4DE3AEAD-FAFB-4D15-A0D7-3A9AAECF08E1}.Release.Build.0 = Release|.NET
		{1C0B8046-FE79-4845-84B9-369A76F817A3}.AutomatedDebug.ActiveCfg = AutomatedDebug|.NET
		{1C0B8046-FE79-4845-84B9-369A76F817A3}.AutomatedDebug.Build.0 = AutomatedDebug|.NET
		{1C0B8046-FE79-4845-84B9-369A76F817A3}.Build.ActiveCfg = AutomatedDebug|.NET
		{1C0B8046-FE79-4845-84B9-369A76F817A3}.Build.Build.0 = AutomatedDebug|.NET
		{1C0B8046-FE79-4845-84B9-369A76F817A3}.Debug.ActiveCfg = Debug|.NET
		{1C0B8046-FE79-4845-84B9-369A76F817A3}.Debug.Build.0 = Debug|.NET
		{1C0B8046-FE79-4845-84B9-369A76F817A3}.Release.ActiveCfg = Release|.NET
		{1C0B8046-FE79-4845-84B9-369A76F817A3}.Release.Build.0 = Release|.NET
	EndGlobalSection
	GlobalSection(SolutionItems) = postSolution
		..\ccnet.build = ..\ccnet.build
		examples\ccnet.config = examples\ccnet.config
		..\ccnet.nsi = ..\ccnet.nsi
	EndGlobalSection
	GlobalSection(ExtensibilityGlobals) = postSolution
	EndGlobalSection
	GlobalSection(ExtensibilityAddIns) = postSolution
	EndGlobalSection
EndGlobal
