Microsoft Visual Studio Solution File, Format Version 8.00
Project("{FAE04EC0-301F-11D3-BF4B-00C04F79EFBC}") = "console", "console\console.csproj", "{E14EE67D-C24E-4088-B01B-35B742E99E85}"
	ProjectSection(ProjectDependencies) = postProject
	EndProjectSection
EndProject
Project("{FAE04EC0-301F-11D3-BF4B-00C04F79EFBC}") = "core", "core\core.csproj", "{F8113DB9-6C47-4FD1-8A01-655FCF151747}"
	ProjectSection(ProjectDependencies) = postProject
	EndProjectSection
EndProject
Project("{FAE04EC0-301F-11D3-BF4B-00C04F79EFBC}") = "service", "service\service.csproj", "{4DE3AEAD-FAFB-4D15-A0D7-3A9AAECF08E1}"
	ProjectSection(ProjectDependencies) = postProject
	EndProjectSection
EndProject
Project("{FAE04EC0-301F-11D3-BF4B-00C04F79EFBC}") = "integration", "integration\integration.csproj", "{BDFCDEE6-98EC-499C-8792-47D2DFC08647}"
	ProjectSection(ProjectDependencies) = postProject
	EndProjectSection
EndProject
Project("{FAE04EC0-301F-11D3-BF4B-00C04F79EFBC}") = "ccnet.remote", "ccnet.remote\ccnet.remote.csproj", "{E820CF3B-8C5A-4002-BC16-B7818D3D54A8}"
	ProjectSection(ProjectDependencies) = postProject
	EndProjectSection
EndProject
Project("{FAE04EC0-301F-11D3-BF4B-00C04F79EFBC}") = "web", "web\web.csproj", "{317E46BA-74DE-411D-A09D-37193EEFD856}"
	ProjectSection(ProjectDependencies) = postProject
	EndProjectSection
EndProject
Project("{FAE04EC0-301F-11D3-BF4B-00C04F79EFBC}") = "CCTray", "CCTray\CCTray.csproj", "{D9040862-D7E0-4232-BBD0-CF088706E009}"
	ProjectSection(ProjectDependencies) = postProject
	EndProjectSection
EndProject
Global
	GlobalSection(SolutionConfiguration) = preSolution
		Debug = Debug
		Release = Release
	EndGlobalSection
	GlobalSection(ProjectConfiguration) = postSolution
		{E14EE67D-C24E-4088-B01B-35B742E99E85}.Debug.ActiveCfg = Debug|.NET
		{E14EE67D-C24E-4088-B01B-35B742E99E85}.Debug.Build.0 = Debug|.NET
		{E14EE67D-C24E-4088-B01B-35B742E99E85}.Release.ActiveCfg = Release|.NET
		{E14EE67D-C24E-4088-B01B-35B742E99E85}.Release.Build.0 = Release|.NET
		{F8113DB9-6C47-4FD1-8A01-655FCF151747}.Debug.ActiveCfg = Debug|.NET
		{F8113DB9-6C47-4FD1-8A01-655FCF151747}.Debug.Build.0 = Debug|.NET
		{F8113DB9-6C47-4FD1-8A01-655FCF151747}.Release.ActiveCfg = Release|.NET
		{F8113DB9-6C47-4FD1-8A01-655FCF151747}.Release.Build.0 = Release|.NET
		{4DE3AEAD-FAFB-4D15-A0D7-3A9AAECF08E1}.Debug.ActiveCfg = Debug|.NET
		{4DE3AEAD-FAFB-4D15-A0D7-3A9AAECF08E1}.Debug.Build.0 = Debug|.NET
		{4DE3AEAD-FAFB-4D15-A0D7-3A9AAECF08E1}.Release.ActiveCfg = Release|.NET
		{4DE3AEAD-FAFB-4D15-A0D7-3A9AAECF08E1}.Release.Build.0 = Release|.NET
		{BDFCDEE6-98EC-499C-8792-47D2DFC08647}.Debug.ActiveCfg = Debug|.NET
		{BDFCDEE6-98EC-499C-8792-47D2DFC08647}.Debug.Build.0 = Debug|.NET
		{BDFCDEE6-98EC-499C-8792-47D2DFC08647}.Release.ActiveCfg = Release|.NET
		{BDFCDEE6-98EC-499C-8792-47D2DFC08647}.Release.Build.0 = Release|.NET
		{E820CF3B-8C5A-4002-BC16-B7818D3D54A8}.Debug.ActiveCfg = Debug|.NET
		{E820CF3B-8C5A-4002-BC16-B7818D3D54A8}.Debug.Build.0 = Debug|.NET
		{E820CF3B-8C5A-4002-BC16-B7818D3D54A8}.Release.ActiveCfg = Release|.NET
		{E820CF3B-8C5A-4002-BC16-B7818D3D54A8}.Release.Build.0 = Release|.NET
		{317E46BA-74DE-411D-A09D-37193EEFD856}.Debug.ActiveCfg = Debug|.NET
		{317E46BA-74DE-411D-A09D-37193EEFD856}.Debug.Build.0 = Debug|.NET
		{317E46BA-74DE-411D-A09D-37193EEFD856}.Release.ActiveCfg = Release|.NET
		{317E46BA-74DE-411D-A09D-37193EEFD856}.Release.Build.0 = Release|.NET
		{D9040862-D7E0-4232-BBD0-CF088706E009}.Debug.ActiveCfg = Debug|.NET
		{D9040862-D7E0-4232-BBD0-CF088706E009}.Debug.Build.0 = Debug|.NET
		{D9040862-D7E0-4232-BBD0-CF088706E009}.Release.ActiveCfg = Release|.NET
		{D9040862-D7E0-4232-BBD0-CF088706E009}.Release.Build.0 = Release|.NET
	EndGlobalSection
	GlobalSection(SolutionItems) = postSolution
		..\ccnet.build = ..\ccnet.build
	EndGlobalSection
	GlobalSection(ExtensibilityGlobals) = postSolution
	EndGlobalSection
	GlobalSection(ExtensibilityAddIns) = postSolution
	EndGlobalSection
EndGlobal
