Microsoft Visual Studio Solution File, Format Version 8.00
Project("{FAE04EC0-301F-11D3-BF4B-00C04F79EFBC}") = "console", "console\console.csproj", "{E14EE67D-C24E-4088-B01B-35B742E99E85}"
	ProjectSection(ProjectDependencies) = postProject
	EndProjectSection
EndProject
Project("{FAE04EC0-301F-11D3-BF4B-00C04F79EFBC}") = "core", "core\core.csproj", "{F8113DB9-6C47-4FD1-8A01-655FCF151747}"
	ProjectSection(ProjectDependencies) = postProject
	EndProjectSection
EndProject
Project("{FAE04EC0-301F-11D3-BF4B-00C04F79EFBC}") = "service", "service\service.csproj", "{4DE3AEAD-FAFB-4D15-A0D7-3A9AAECF08E1}"
	ProjectSection(ProjectDependencies) = postProject
	EndProjectSection
EndProject
Project("{FAE04EC0-301F-11D3-BF4B-00C04F79EFBC}") = "web", "web\web.csproj", "{317E46BA-74DE-411D-A09D-37193EEFD856}"
	ProjectSection(ProjectDependencies) = postProject
	EndProjectSection
EndProject
Project("{FAE04EC0-301F-11D3-BF4B-00C04F79EFBC}") = "WebDashboard", "WebDashboard\WebDashboard.csproj", "{482EF049-EC0C-4819-B568-75B5F74BDD5B}"
	ProjectSection(ProjectDependencies) = postProject
	EndProjectSection
EndProject
Project("{FAE04EC0-301F-11D3-BF4B-00C04F79EFBC}") = "WebService", "WebService\WebService.csproj", "{8A93E21E-3834-40D4-9FD0-E00958AFA5A8}"
	ProjectSection(ProjectDependencies) = postProject
	EndProjectSection
EndProject
Project("{FAE04EC0-301F-11D3-BF4B-00C04F79EFBC}") = "WebServiceProxy", "WebServiceProxy\WebServiceProxy.csproj", "{19C24DF5-7EE8-4325-AFD6-C18D6C85DD9B}"
	ProjectSection(ProjectDependencies) = postProject
	EndProjectSection
EndProject
Project("{FAE04EC0-301F-11D3-BF4B-00C04F79EFBC}") = "Remote", "Remote\Remote.csproj", "{E820CF3B-8C5A-4002-BC16-B7818D3D54A8}"
	ProjectSection(ProjectDependencies) = postProject
	EndProjectSection
EndProject
Project("{FAE04EC0-301F-11D3-BF4B-00C04F79EFBC}") = "CCTray", "CCTray\CCTray.csproj", "{D9040862-D7E0-4232-BBD0-CF088706E009}"
	ProjectSection(ProjectDependencies) = postProject
	EndProjectSection
EndProject
Project("{FAE04EC0-301F-11D3-BF4B-00C04F79EFBC}") = "XMLRPCWebService", "XMLRPCWebService\XMLRPCWebService.csproj", "{4A0F1D7B-93E6-4E25-A48C-2FB0B7B1E17F}"
	ProjectSection(ProjectDependencies) = postProject
	EndProjectSection
EndProject
Project("{FAE04EC0-301F-11D3-BF4B-00C04F79EFBC}") = "UnitTests", "UnitTests\UnitTests.csproj", "{3F93AC24-DF56-469E-91C3-43A2A179C7E1}"
	ProjectSection(ProjectDependencies) = postProject
	EndProjectSection
EndProject
Project("{FAE04EC0-301F-11D3-BF4B-00C04F79EFBC}") = "CCTrayLib", "CCTrayLib\CCTrayLib.csproj", "{C8043AD9-0F30-4366-A263-E2FC0D6A57A9}"
	ProjectSection(ProjectDependencies) = postProject
	EndProjectSection
EndProject
Global
	GlobalSection(SolutionConfiguration) = preSolution
		Build = Build
		Debug = Debug
		Release = Release
	EndGlobalSection
	GlobalSection(ProjectConfiguration) = postSolution
		{E14EE67D-C24E-4088-B01B-35B742E99E85}.Build.ActiveCfg = Build|.NET
		{E14EE67D-C24E-4088-B01B-35B742E99E85}.Build.Build.0 = Build|.NET
		{E14EE67D-C24E-4088-B01B-35B742E99E85}.Debug.ActiveCfg = Debug|.NET
		{E14EE67D-C24E-4088-B01B-35B742E99E85}.Debug.Build.0 = Debug|.NET
		{E14EE67D-C24E-4088-B01B-35B742E99E85}.Release.ActiveCfg = Release|.NET
		{E14EE67D-C24E-4088-B01B-35B742E99E85}.Release.Build.0 = Release|.NET
		{F8113DB9-6C47-4FD1-8A01-655FCF151747}.Build.ActiveCfg = Build|.NET
		{F8113DB9-6C47-4FD1-8A01-655FCF151747}.Build.Build.0 = Build|.NET
		{F8113DB9-6C47-4FD1-8A01-655FCF151747}.Debug.ActiveCfg = Debug|.NET
		{F8113DB9-6C47-4FD1-8A01-655FCF151747}.Debug.Build.0 = Debug|.NET
		{F8113DB9-6C47-4FD1-8A01-655FCF151747}.Release.ActiveCfg = Release|.NET
		{F8113DB9-6C47-4FD1-8A01-655FCF151747}.Release.Build.0 = Release|.NET
		{4DE3AEAD-FAFB-4D15-A0D7-3A9AAECF08E1}.Build.ActiveCfg = Build|.NET
		{4DE3AEAD-FAFB-4D15-A0D7-3A9AAECF08E1}.Build.Build.0 = Build|.NET
		{4DE3AEAD-FAFB-4D15-A0D7-3A9AAECF08E1}.Debug.ActiveCfg = Debug|.NET
		{4DE3AEAD-FAFB-4D15-A0D7-3A9AAECF08E1}.Debug.Build.0 = Debug|.NET
		{4DE3AEAD-FAFB-4D15-A0D7-3A9AAECF08E1}.Release.ActiveCfg = Release|.NET
		{4DE3AEAD-FAFB-4D15-A0D7-3A9AAECF08E1}.Release.Build.0 = Release|.NET
		{317E46BA-74DE-411D-A09D-37193EEFD856}.Build.ActiveCfg = Build|.NET
		{317E46BA-74DE-411D-A09D-37193EEFD856}.Build.Build.0 = Build|.NET
		{317E46BA-74DE-411D-A09D-37193EEFD856}.Debug.ActiveCfg = Debug|.NET
		{317E46BA-74DE-411D-A09D-37193EEFD856}.Debug.Build.0 = Debug|.NET
		{317E46BA-74DE-411D-A09D-37193EEFD856}.Release.ActiveCfg = Release|.NET
		{317E46BA-74DE-411D-A09D-37193EEFD856}.Release.Build.0 = Release|.NET
		{482EF049-EC0C-4819-B568-75B5F74BDD5B}.Build.ActiveCfg = Build|.NET
		{482EF049-EC0C-4819-B568-75B5F74BDD5B}.Build.Build.0 = Build|.NET
		{482EF049-EC0C-4819-B568-75B5F74BDD5B}.Debug.ActiveCfg = Debug|.NET
		{482EF049-EC0C-4819-B568-75B5F74BDD5B}.Debug.Build.0 = Debug|.NET
		{482EF049-EC0C-4819-B568-75B5F74BDD5B}.Release.ActiveCfg = Release|.NET
		{482EF049-EC0C-4819-B568-75B5F74BDD5B}.Release.Build.0 = Release|.NET
		{8A93E21E-3834-40D4-9FD0-E00958AFA5A8}.Build.ActiveCfg = Build|.NET
		{8A93E21E-3834-40D4-9FD0-E00958AFA5A8}.Build.Build.0 = Build|.NET
		{8A93E21E-3834-40D4-9FD0-E00958AFA5A8}.Debug.ActiveCfg = Debug|.NET
		{8A93E21E-3834-40D4-9FD0-E00958AFA5A8}.Debug.Build.0 = Debug|.NET
		{8A93E21E-3834-40D4-9FD0-E00958AFA5A8}.Release.ActiveCfg = Release|.NET
		{8A93E21E-3834-40D4-9FD0-E00958AFA5A8}.Release.Build.0 = Release|.NET
		{19C24DF5-7EE8-4325-AFD6-C18D6C85DD9B}.Build.ActiveCfg = Build|.NET
		{19C24DF5-7EE8-4325-AFD6-C18D6C85DD9B}.Build.Build.0 = Build|.NET
		{19C24DF5-7EE8-4325-AFD6-C18D6C85DD9B}.Debug.ActiveCfg = Debug|.NET
		{19C24DF5-7EE8-4325-AFD6-C18D6C85DD9B}.Debug.Build.0 = Debug|.NET
		{19C24DF5-7EE8-4325-AFD6-C18D6C85DD9B}.Release.ActiveCfg = Release|.NET
		{19C24DF5-7EE8-4325-AFD6-C18D6C85DD9B}.Release.Build.0 = Release|.NET
		{E820CF3B-8C5A-4002-BC16-B7818D3D54A8}.Build.ActiveCfg = Build|.NET
		{E820CF3B-8C5A-4002-BC16-B7818D3D54A8}.Build.Build.0 = Build|.NET
		{E820CF3B-8C5A-4002-BC16-B7818D3D54A8}.Debug.ActiveCfg = Debug|.NET
		{E820CF3B-8C5A-4002-BC16-B7818D3D54A8}.Debug.Build.0 = Debug|.NET
		{E820CF3B-8C5A-4002-BC16-B7818D3D54A8}.Release.ActiveCfg = Release|.NET
		{E820CF3B-8C5A-4002-BC16-B7818D3D54A8}.Release.Build.0 = Release|.NET
		{D9040862-D7E0-4232-BBD0-CF088706E009}.Build.ActiveCfg = Build|.NET
		{D9040862-D7E0-4232-BBD0-CF088706E009}.Build.Build.0 = Build|.NET
		{D9040862-D7E0-4232-BBD0-CF088706E009}.Debug.ActiveCfg = Debug|.NET
		{D9040862-D7E0-4232-BBD0-CF088706E009}.Debug.Build.0 = Debug|.NET
		{D9040862-D7E0-4232-BBD0-CF088706E009}.Release.ActiveCfg = Release|.NET
		{D9040862-D7E0-4232-BBD0-CF088706E009}.Release.Build.0 = Release|.NET
		{4A0F1D7B-93E6-4E25-A48C-2FB0B7B1E17F}.Build.ActiveCfg = Build|.NET
		{4A0F1D7B-93E6-4E25-A48C-2FB0B7B1E17F}.Build.Build.0 = Build|.NET
		{4A0F1D7B-93E6-4E25-A48C-2FB0B7B1E17F}.Debug.ActiveCfg = Debug|.NET
		{4A0F1D7B-93E6-4E25-A48C-2FB0B7B1E17F}.Debug.Build.0 = Debug|.NET
		{4A0F1D7B-93E6-4E25-A48C-2FB0B7B1E17F}.Release.ActiveCfg = Release|.NET
		{4A0F1D7B-93E6-4E25-A48C-2FB0B7B1E17F}.Release.Build.0 = Release|.NET
		{3F93AC24-DF56-469E-91C3-43A2A179C7E1}.Build.ActiveCfg = Build|.NET
		{3F93AC24-DF56-469E-91C3-43A2A179C7E1}.Build.Build.0 = Build|.NET
		{3F93AC24-DF56-469E-91C3-43A2A179C7E1}.Debug.ActiveCfg = Debug|.NET
		{3F93AC24-DF56-469E-91C3-43A2A179C7E1}.Debug.Build.0 = Debug|.NET
		{3F93AC24-DF56-469E-91C3-43A2A179C7E1}.Release.ActiveCfg = Release|.NET
		{3F93AC24-DF56-469E-91C3-43A2A179C7E1}.Release.Build.0 = Release|.NET
		{C8043AD9-0F30-4366-A263-E2FC0D6A57A9}.Build.ActiveCfg = Build|.NET
		{C8043AD9-0F30-4366-A263-E2FC0D6A57A9}.Build.Build.0 = Build|.NET
		{C8043AD9-0F30-4366-A263-E2FC0D6A57A9}.Debug.ActiveCfg = Debug|.NET
		{C8043AD9-0F30-4366-A263-E2FC0D6A57A9}.Debug.Build.0 = Debug|.NET
		{C8043AD9-0F30-4366-A263-E2FC0D6A57A9}.Release.ActiveCfg = Release|.NET
		{C8043AD9-0F30-4366-A263-E2FC0D6A57A9}.Release.Build.0 = Release|.NET
	EndGlobalSection
	GlobalSection(SolutionItems) = postSolution
		..\ccnet.build = ..\ccnet.build
		examples\ccnet.config = examples\ccnet.config
	EndGlobalSection
	GlobalSection(ExtensibilityGlobals) = postSolution
	EndGlobalSection
	GlobalSection(ExtensibilityAddIns) = postSolution
	EndGlobalSection
EndGlobal
