Microsoft Visual Studio Solution File, Format Version 7.00
Project("{FAE04EC0-301F-11D3-BF4B-00C04F79EFBC}") = "core2002", "core\core2002.csproj", "{F8113DB9-6C47-4FD1-8A01-655FCF151747}"
EndProject
Project("{FAE04EC0-301F-11D3-BF4B-00C04F79EFBC}") = "service2002", "service\service2002.csproj", "{4DE3AEAD-FAFB-4D15-A0D7-3A9AAECF08E1}"
EndProject
Project("{FAE04EC0-301F-11D3-BF4B-00C04F79EFBC}") = "web2002", "web\web2002.csproj", "{317E46BA-74DE-411D-A09D-37193EEFD856}"
EndProject
Project("{FAE04EC0-301F-11D3-BF4B-00C04F79EFBC}") = "console2002", "console\console2002.csproj", "{E14EE67D-C24E-4088-B01B-35B742E99E85}"
EndProject
Project("{FAE04EC0-301F-11D3-BF4B-00C04F79EFBC}") = "CCTray2002", "CCTray\CCTray2002.csproj", "{B57FC66E-2352-448B-89A8-E531F3E2683B}"
EndProject
Project("{FAE04EC0-301F-11D3-BF4B-00C04F79EFBC}") = "integration2002", "integration\integration2002.csproj", "{BDFCDEE6-98EC-499C-8792-47D2DFC08647}"
EndProject
Project("{FAE04EC0-301F-11D3-BF4B-00C04F79EFBC}") = "WebService2002", "WebService\WebService2002.csproj", "{8A93E21E-3834-40D4-9FD0-E00958AFA5A8}"
EndProject
Project("{FAE04EC0-301F-11D3-BF4B-00C04F79EFBC}") = "Remote2002", "Remote\Remote2002.csproj", "{E820CF3B-8C5A-4002-BC16-B7818D3D54A8}"
EndProject
Project("{FAE04EC0-301F-11D3-BF4B-00C04F79EFBC}") = "WebServiceProxy2002", "WebServiceProxy\WebServiceProxy2002.csproj", "{19C24DF5-7EE8-4325-AFD6-C18D6C85DD9B}"
EndProject
Global
	GlobalSection(SolutionConfiguration) = preSolution
		ConfigName.0 = Debug
		ConfigName.1 = Release
	EndGlobalSection
	GlobalSection(ProjectDependencies) = postSolution
	EndGlobalSection
	GlobalSection(ProjectConfiguration) = postSolution
		{F8113DB9-6C47-4FD1-8A01-655FCF151747}.Debug.ActiveCfg = Debug|.NET
		{F8113DB9-6C47-4FD1-8A01-655FCF151747}.Debug.Build.0 = Debug|.NET
		{F8113DB9-6C47-4FD1-8A01-655FCF151747}.Release.ActiveCfg = Release|.NET
		{F8113DB9-6C47-4FD1-8A01-655FCF151747}.Release.Build.0 = Release|.NET
		{4DE3AEAD-FAFB-4D15-A0D7-3A9AAECF08E1}.Debug.ActiveCfg = Debug|.NET
		{4DE3AEAD-FAFB-4D15-A0D7-3A9AAECF08E1}.Debug.Build.0 = Debug|.NET
		{4DE3AEAD-FAFB-4D15-A0D7-3A9AAECF08E1}.Release.ActiveCfg = Release|.NET
		{4DE3AEAD-FAFB-4D15-A0D7-3A9AAECF08E1}.Release.Build.0 = Release|.NET
		{317E46BA-74DE-411D-A09D-37193EEFD856}.Debug.ActiveCfg = Debug|.NET
		{317E46BA-74DE-411D-A09D-37193EEFD856}.Debug.Build.0 = Debug|.NET
		{317E46BA-74DE-411D-A09D-37193EEFD856}.Release.ActiveCfg = Release|.NET
		{317E46BA-74DE-411D-A09D-37193EEFD856}.Release.Build.0 = Release|.NET
		{E14EE67D-C24E-4088-B01B-35B742E99E85}.Debug.ActiveCfg = Debug|.NET
		{E14EE67D-C24E-4088-B01B-35B742E99E85}.Debug.Build.0 = Debug|.NET
		{E14EE67D-C24E-4088-B01B-35B742E99E85}.Release.ActiveCfg = Release|.NET
		{E14EE67D-C24E-4088-B01B-35B742E99E85}.Release.Build.0 = Release|.NET
		{B57FC66E-2352-448B-89A8-E531F3E2683B}.Debug.ActiveCfg = Debug|.NET
		{B57FC66E-2352-448B-89A8-E531F3E2683B}.Release.ActiveCfg = Release|.NET
		{B57FC66E-2352-448B-89A8-E531F3E2683B}.Release.Build.0 = Release|.NET
		{BDFCDEE6-98EC-499C-8792-47D2DFC08647}.Debug.ActiveCfg = Debug|.NET
		{BDFCDEE6-98EC-499C-8792-47D2DFC08647}.Debug.Build.0 = Debug|.NET
		{BDFCDEE6-98EC-499C-8792-47D2DFC08647}.Release.ActiveCfg = Release|.NET
		{BDFCDEE6-98EC-499C-8792-47D2DFC08647}.Release.Build.0 = Release|.NET
		{8A93E21E-3834-40D4-9FD0-E00958AFA5A8}.Debug.ActiveCfg = Debug|.NET
		{8A93E21E-3834-40D4-9FD0-E00958AFA5A8}.Debug.Build.0 = Debug|.NET
		{8A93E21E-3834-40D4-9FD0-E00958AFA5A8}.Release.ActiveCfg = Release|.NET
		{8A93E21E-3834-40D4-9FD0-E00958AFA5A8}.Release.Build.0 = Release|.NET
		{E820CF3B-8C5A-4002-BC16-B7818D3D54A8}.Debug.ActiveCfg = Debug|.NET
		{E820CF3B-8C5A-4002-BC16-B7818D3D54A8}.Debug.Build.0 = Debug|.NET
		{E820CF3B-8C5A-4002-BC16-B7818D3D54A8}.Release.ActiveCfg = Release|.NET
		{E820CF3B-8C5A-4002-BC16-B7818D3D54A8}.Release.Build.0 = Release|.NET
		{19C24DF5-7EE8-4325-AFD6-C18D6C85DD9B}.Debug.ActiveCfg = Debug|.NET
		{19C24DF5-7EE8-4325-AFD6-C18D6C85DD9B}.Debug.Build.0 = Debug|.NET
		{19C24DF5-7EE8-4325-AFD6-C18D6C85DD9B}.Release.ActiveCfg = Release|.NET
		{19C24DF5-7EE8-4325-AFD6-C18D6C85DD9B}.Release.Build.0 = Release|.NET
	EndGlobalSection
	GlobalSection(SolutionItems) = postSolution
		Item:1 = ..\ccnet.build
	EndGlobalSection
	GlobalSection(ExtensibilityGlobals) = postSolution
	EndGlobalSection
	GlobalSection(ExtensibilityAddIns) = postSolution
	EndGlobalSection
EndGlobal
