Microsoft Visual Studio Solution File, Format Version 8.00
Project("{FAE04EC0-301F-11D3-BF4B-00C04F79EFBC}") = "CCTrayManager", "CCTrayManager\CCTrayManager.csproj", "{E5462ED8-0375-418A-B3AA-DFEFCB9DE729}"
	ProjectSection(ProjectDependencies) = postProject
	EndProjectSection
EndProject
Global
	GlobalSection(SolutionConfiguration) = preSolution
		Debug = Debug
		Release = Release
	EndGlobalSection
	GlobalSection(ProjectConfiguration) = postSolution
		{E5462ED8-0375-418A-B3AA-DFEFCB9DE729}.Debug.ActiveCfg = Debug|.NET
		{E5462ED8-0375-418A-B3AA-DFEFCB9DE729}.Debug.Build.0 = Debug|.NET
		{E5462ED8-0375-418A-B3AA-DFEFCB9DE729}.Release.ActiveCfg = Release|.NET
		{E5462ED8-0375-418A-B3AA-DFEFCB9DE729}.Release.Build.0 = Release|.NET
	EndGlobalSection
	GlobalSection(SolutionItems) = postSolution
		CCManager.build = CCManager.build
	EndGlobalSection
	GlobalSection(ExtensibilityGlobals) = postSolution
	EndGlobalSection
	GlobalSection(ExtensibilityAddIns) = postSolution
	EndGlobalSection
EndGlobal
